PODS:
  - GKNavigationBarSwift (1.4.7)
  - TZImagePickerController (3.7.6)

DEPENDENCIES:
  - GKNavigationBarSwift (from `../`)
  - TZImagePickerController

SPEC REPOS:
  https://github.com/CocoaPods/Specs.git:
    - TZImagePickerController

EXTERNAL SOURCES:
  GKNavigationBarSwift:
    :path: "../"

SPEC CHECKSUMS:
  GKNavigationBarSwift: 4d6b3354e76542cb87df8711630e0e037ee0079e
  TZImagePickerController: fb446ac06ae9c217bc849185646a68465bcd0dd4

PODFILE CHECKSUM: fa035c70e4e48f8486bae986bd811e444f546165

COCOAPODS: 1.11.3
