// !$*UTF8*$!
{
	archiveVersion = 1;
	classes = {
	};
	objectVersion = 50;
	objects = {

/* Begin PBXBuildFile section */
		602E1B352547AF3900ABC246 /* TZImageCropManager.m in Sources */ = {isa = PBXBuildFile; fileRef = 602E1B182547AF3800ABC246 /* TZImageCropManager.m */; };
		602E1B362547AF3900ABC246 /* TZAssetCell.m in Sources */ = {isa = PBXBuildFile; fileRef = 602E1B1A2547AF3800ABC246 /* TZAssetCell.m */; };
		602E1B372547AF3900ABC246 /* TZVideoPlayerController.m in Sources */ = {isa = PBXBuildFile; fileRef = 602E1B1B2547AF3800ABC246 /* TZVideoPlayerController.m */; };
		602E1B382547AF3900ABC246 /* TZAssetModel.m in Sources */ = {isa = PBXBuildFile; fileRef = 602E1B1C2547AF3800ABC246 /* TZAssetModel.m */; };
		602E1B392547AF3900ABC246 /* NSBundle+TZImagePicker.m in Sources */ = {isa = PBXBuildFile; fileRef = 602E1B1D2547AF3800ABC246 /* NSBundle+TZImagePicker.m */; };
		602E1B3A2547AF3900ABC246 /* UIView+Layout.m in Sources */ = {isa = PBXBuildFile; fileRef = 602E1B202547AF3800ABC246 /* UIView+Layout.m */; };
		602E1B3B2547AF3900ABC246 /* TZPhotoPreviewController.m in Sources */ = {isa = PBXBuildFile; fileRef = 602E1B212547AF3800ABC246 /* TZPhotoPreviewController.m */; };
		602E1B3C2547AF3900ABC246 /* TZImagePickerController.bundle in Resources */ = {isa = PBXBuildFile; fileRef = 602E1B222547AF3900ABC246 /* TZImagePickerController.bundle */; };
		602E1B3D2547AF3900ABC246 /* TZProgressView.m in Sources */ = {isa = PBXBuildFile; fileRef = 602E1B232547AF3900ABC246 /* TZProgressView.m */; };
		602E1B3E2547AF3900ABC246 /* TZImageManager.m in Sources */ = {isa = PBXBuildFile; fileRef = 602E1B272547AF3900ABC246 /* TZImageManager.m */; };
		602E1B3F2547AF3900ABC246 /* TZPhotoPickerController.m in Sources */ = {isa = PBXBuildFile; fileRef = 602E1B292547AF3900ABC246 /* TZPhotoPickerController.m */; };
		602E1B402547AF3900ABC246 /* TZPhotoPreviewCell.m in Sources */ = {isa = PBXBuildFile; fileRef = 602E1B2A2547AF3900ABC246 /* TZPhotoPreviewCell.m */; };
		602E1B412547AF3900ABC246 /* TZImagePickerController.m in Sources */ = {isa = PBXBuildFile; fileRef = 602E1B302547AF3900ABC246 /* TZImagePickerController.m */; };
		602E1B422547AF3900ABC246 /* TZLocationManager.m in Sources */ = {isa = PBXBuildFile; fileRef = 602E1B312547AF3900ABC246 /* TZLocationManager.m */; };
		602E1B432547AF3900ABC246 /* TZGifPhotoPreviewController.m in Sources */ = {isa = PBXBuildFile; fileRef = 602E1B322547AF3900ABC246 /* TZGifPhotoPreviewController.m */; };
		602E1B442547AF3900ABC246 /* TZImageRequestOperation.m in Sources */ = {isa = PBXBuildFile; fileRef = 602E1B332547AF3900ABC246 /* TZImageRequestOperation.m */; };
		608FC7202546A9F1003DB82F /* GKWXViewController.swift in Sources */ = {isa = PBXBuildFile; fileRef = 608FC71F2546A9F1003DB82F /* GKWXViewController.swift */; };
		608FC7222546AA20003DB82F /* GKWXHomeViewController.swift in Sources */ = {isa = PBXBuildFile; fileRef = 608FC7212546AA20003DB82F /* GKWXHomeViewController.swift */; };
		608FC7242546AA27003DB82F /* GKWXFindViewController.swift in Sources */ = {isa = PBXBuildFile; fileRef = 608FC7232546AA27003DB82F /* GKWXFindViewController.swift */; };
		608FC7262546AA2E003DB82F /* GKWXMineViewController.swift in Sources */ = {isa = PBXBuildFile; fileRef = 608FC7252546AA2E003DB82F /* GKWXMineViewController.swift */; };
		608FC7282546AA39003DB82F /* GKWXDetailViewController.swift in Sources */ = {isa = PBXBuildFile; fileRef = 608FC7272546AA39003DB82F /* GKWXDetailViewController.swift */; };
		608FC72B2546AB81003DB82F /* GKFloatView.swift in Sources */ = {isa = PBXBuildFile; fileRef = 608FC72A2546AB81003DB82F /* GKFloatView.swift */; };
		608FC72D2546AB99003DB82F /* GKFloatTransition.swift in Sources */ = {isa = PBXBuildFile; fileRef = 608FC72C2546AB99003DB82F /* GKFloatTransition.swift */; };
		60B70DA42570D1D0008D62FC /* GKDemoTransitionViewController.swift in Sources */ = {isa = PBXBuildFile; fileRef = 60B70DA32570D1D0008D62FC /* GKDemoTransitionViewController.swift */; };
		796AB5192442E7C400C724D4 /* Assets.xcassets in Resources */ = {isa = PBXBuildFile; fileRef = 796AB5182442E7C400C724D4 /* Assets.xcassets */; };
		796AB51C2442E7C400C724D4 /* LaunchScreen.storyboard in Resources */ = {isa = PBXBuildFile; fileRef = 796AB51A2442E7C400C724D4 /* LaunchScreen.storyboard */; };
		796AB56A2442E83E00C724D4 /* AppDelegate.swift in Sources */ = {isa = PBXBuildFile; fileRef = 796AB53F2442E83E00C724D4 /* AppDelegate.swift */; };
		796AB56B2442E83F00C724D4 /* GKDemoBaseViewController.swift in Sources */ = {isa = PBXBuildFile; fileRef = 796AB5422442E83E00C724D4 /* GKDemoBaseViewController.swift */; };
		796AB56C2442E83F00C724D4 /* GKTabBaseViewController.swift in Sources */ = {isa = PBXBuildFile; fileRef = 796AB5432442E83E00C724D4 /* GKTabBaseViewController.swift */; };
		796AB56D2442E83F00C724D4 /* GKBaseViewController.swift in Sources */ = {isa = PBXBuildFile; fileRef = 796AB5442442E83E00C724D4 /* GKBaseViewController.swift */; };
		796AB56E2442E83F00C724D4 /* GKToutiaoMicroViewController.swift in Sources */ = {isa = PBXBuildFile; fileRef = 796AB5462442E83E00C724D4 /* GKToutiaoMicroViewController.swift */; };
		796AB56F2442E83F00C724D4 /* GKToutiaoMineViewController.swift in Sources */ = {isa = PBXBuildFile; fileRef = 796AB5472442E83E00C724D4 /* GKToutiaoMineViewController.swift */; };
		796AB5702442E83F00C724D4 /* GKToutiaoHomeViewController.swift in Sources */ = {isa = PBXBuildFile; fileRef = 796AB5482442E83E00C724D4 /* GKToutiaoHomeViewController.swift */; };
		796AB5712442E83F00C724D4 /* GKToutiaoVideoViewController.swift in Sources */ = {isa = PBXBuildFile; fileRef = 796AB5492442E83E00C724D4 /* GKToutiaoVideoViewController.swift */; };
		796AB5722442E83F00C724D4 /* GKToutiaoDetailViewController.swift in Sources */ = {isa = PBXBuildFile; fileRef = 796AB54A2442E83E00C724D4 /* GKToutiaoDetailViewController.swift */; };
		796AB5732442E83F00C724D4 /* GKToutiaoViewController.swift in Sources */ = {isa = PBXBuildFile; fileRef = 796AB54B2442E83E00C724D4 /* GKToutiaoViewController.swift */; };
		796AB5742442E83F00C724D4 /* GKWYMusicDetailViewController.swift in Sources */ = {isa = PBXBuildFile; fileRef = 796AB54D2442E83E00C724D4 /* GKWYMusicDetailViewController.swift */; };
		796AB5752442E83F00C724D4 /* GKWYMusicFriendViewController.swift in Sources */ = {isa = PBXBuildFile; fileRef = 796AB54E2442E83E00C724D4 /* GKWYMusicFriendViewController.swift */; };
		796AB5762442E83F00C724D4 /* GKWYMusicViewController.swift in Sources */ = {isa = PBXBuildFile; fileRef = 796AB54F2442E83E00C724D4 /* GKWYMusicViewController.swift */; };
		796AB5772442E83F00C724D4 /* GKWYMusicAccountViewController.swift in Sources */ = {isa = PBXBuildFile; fileRef = 796AB5502442E83E00C724D4 /* GKWYMusicAccountViewController.swift */; };
		796AB5782442E83F00C724D4 /* GKWYMusicFindViewController.swift in Sources */ = {isa = PBXBuildFile; fileRef = 796AB5512442E83E00C724D4 /* GKWYMusicFindViewController.swift */; };
		796AB5792442E83F00C724D4 /* GKWYMusicMineViewController.swift in Sources */ = {isa = PBXBuildFile; fileRef = 796AB5522442E83E00C724D4 /* GKWYMusicMineViewController.swift */; };
		796AB57A2442E83F00C724D4 /* GKDouyinHomeViewController.swift in Sources */ = {isa = PBXBuildFile; fileRef = 796AB5542442E83E00C724D4 /* GKDouyinHomeViewController.swift */; };
		796AB57B2442E83F00C724D4 /* GKDouyinSearchViewController.swift in Sources */ = {isa = PBXBuildFile; fileRef = 796AB5552442E83E00C724D4 /* GKDouyinSearchViewController.swift */; };
		796AB57C2442E83F00C724D4 /* GKDouyinPersonalViewController.swift in Sources */ = {isa = PBXBuildFile; fileRef = 796AB5562442E83E00C724D4 /* GKDouyinPersonalViewController.swift */; };
		796AB57D2442E83F00C724D4 /* GKDouyinPlayerViewController.swift in Sources */ = {isa = PBXBuildFile; fileRef = 796AB5572442E83E00C724D4 /* GKDouyinPlayerViewController.swift */; };
		796AB57E2442E83F00C724D4 /* GKMainViewController.swift in Sources */ = {isa = PBXBuildFile; fileRef = 796AB5582442E83E00C724D4 /* GKMainViewController.swift */; };
		796AB57F2442E83F00C724D4 /* GKWYNewsLiveViewController.swift in Sources */ = {isa = PBXBuildFile; fileRef = 796AB55A2442E83E00C724D4 /* GKWYNewsLiveViewController.swift */; };
		796AB5802442E83F00C724D4 /* GKWYNewsViewController.swift in Sources */ = {isa = PBXBuildFile; fileRef = 796AB55B2442E83E00C724D4 /* GKWYNewsViewController.swift */; };
		796AB5812442E83F00C724D4 /* GKWYNewsHomeViewController.swift in Sources */ = {isa = PBXBuildFile; fileRef = 796AB55C2442E83E00C724D4 /* GKWYNewsHomeViewController.swift */; };
		796AB5822442E83F00C724D4 /* GKWYNewsNewViewController.swift in Sources */ = {isa = PBXBuildFile; fileRef = 796AB55D2442E83E00C724D4 /* GKWYNewsNewViewController.swift */; };
		796AB5832442E83F00C724D4 /* GKWYNewsDetailViewController.swift in Sources */ = {isa = PBXBuildFile; fileRef = 796AB55E2442E83E00C724D4 /* GKWYNewsDetailViewController.swift */; };
		796AB5842442E83F00C724D4 /* GKWYNewsVideoViewController.swift in Sources */ = {isa = PBXBuildFile; fileRef = 796AB55F2442E83E00C724D4 /* GKWYNewsVideoViewController.swift */; };
		796AB5852442E83F00C724D4 /* GKWYNewsProfileViewController.swift in Sources */ = {isa = PBXBuildFile; fileRef = 796AB5602442E83E00C724D4 /* GKWYNewsProfileViewController.swift */; };
		796AB5862442E83F00C724D4 /* GKWYNewsCommentViewController.swift in Sources */ = {isa = PBXBuildFile; fileRef = 796AB5612442E83E00C724D4 /* GKWYNewsCommentViewController.swift */; };
		796AB5872442E83F00C724D4 /* GKDemo000ViewController.xib in Resources */ = {isa = PBXBuildFile; fileRef = 796AB5632442E83E00C724D4 /* GKDemo000ViewController.xib */; };
		796AB5882442E83F00C724D4 /* GKDemo003ViewController.swift in Sources */ = {isa = PBXBuildFile; fileRef = 796AB5642442E83E00C724D4 /* GKDemo003ViewController.swift */; };
		796AB5892442E83F00C724D4 /* GKDemo002ViewController.swift in Sources */ = {isa = PBXBuildFile; fileRef = 796AB5652442E83E00C724D4 /* GKDemo002ViewController.swift */; };
		796AB58A2442E83F00C724D4 /* GKDemo001ViewController.swift in Sources */ = {isa = PBXBuildFile; fileRef = 796AB5662442E83E00C724D4 /* GKDemo001ViewController.swift */; };
		796AB58B2442E83F00C724D4 /* GKDemo000ViewController.swift in Sources */ = {isa = PBXBuildFile; fileRef = 796AB5672442E83E00C724D4 /* GKDemo000ViewController.swift */; };
		796AB58C2442E83F00C724D4 /* GKDemoWebViewController.swift in Sources */ = {isa = PBXBuildFile; fileRef = 796AB5682442E83E00C724D4 /* GKDemoWebViewController.swift */; };
		796AB58D2442E83F00C724D4 /* web.txt in Resources */ = {isa = PBXBuildFile; fileRef = 796AB5692442E83E00C724D4 /* web.txt */; };
		796AB5992442E88600C724D4 /* GKNavigationBarSwift.framework in Frameworks */ = {isa = PBXBuildFile; fileRef = 796AB5952442E87B00C724D4 /* GKNavigationBarSwift.framework */; };
		796AB59A2442E88600C724D4 /* GKNavigationBarSwift.framework in Embed Frameworks */ = {isa = PBXBuildFile; fileRef = 796AB5952442E87B00C724D4 /* GKNavigationBarSwift.framework */; settings = {ATTRIBUTES = (CodeSignOnCopy, RemoveHeadersOnCopy, ); }; };
/* End PBXBuildFile section */

/* Begin PBXContainerItemProxy section */
		796AB5942442E87B00C724D4 /* PBXContainerItemProxy */ = {
			isa = PBXContainerItemProxy;
			containerPortal = 796AB58F2442E87B00C724D4 /* GKNavigationBarSwift.xcodeproj */;
			proxyType = 2;
			remoteGlobalIDString = 79C48E9E2441EC50000B0815;
			remoteInfo = GKNavigationBarSwift;
		};
/* End PBXContainerItemProxy section */

/* Begin PBXCopyFilesBuildPhase section */
		796AB59B2442E88600C724D4 /* Embed Frameworks */ = {
			isa = PBXCopyFilesBuildPhase;
			buildActionMask = 2147483647;
			dstPath = "";
			dstSubfolderSpec = 10;
			files = (
				796AB59A2442E88600C724D4 /* GKNavigationBarSwift.framework in Embed Frameworks */,
			);
			name = "Embed Frameworks";
			runOnlyForDeploymentPostprocessing = 0;
		};
/* End PBXCopyFilesBuildPhase section */

/* Begin PBXFileReference section */
		602E1B142547AEFF00ABC246 /* Example-Bridging-Header.h */ = {isa = PBXFileReference; lastKnownFileType = sourcecode.c.h; path = "Example-Bridging-Header.h"; sourceTree = "<group>"; };
		602E1B162547AF3800ABC246 /* TZPhotoPreviewCell.h */ = {isa = PBXFileReference; fileEncoding = 4; lastKnownFileType = sourcecode.c.h; path = TZPhotoPreviewCell.h; sourceTree = "<group>"; };
		602E1B172547AF3800ABC246 /* TZPhotoPickerController.h */ = {isa = PBXFileReference; fileEncoding = 4; lastKnownFileType = sourcecode.c.h; path = TZPhotoPickerController.h; sourceTree = "<group>"; };
		602E1B182547AF3800ABC246 /* TZImageCropManager.m */ = {isa = PBXFileReference; fileEncoding = 4; lastKnownFileType = sourcecode.c.objc; path = TZImageCropManager.m; sourceTree = "<group>"; };
		602E1B192547AF3800ABC246 /* TZImageManager.h */ = {isa = PBXFileReference; fileEncoding = 4; lastKnownFileType = sourcecode.c.h; path = TZImageManager.h; sourceTree = "<group>"; };
		602E1B1A2547AF3800ABC246 /* TZAssetCell.m */ = {isa = PBXFileReference; fileEncoding = 4; lastKnownFileType = sourcecode.c.objc; path = TZAssetCell.m; sourceTree = "<group>"; };
		602E1B1B2547AF3800ABC246 /* TZVideoPlayerController.m */ = {isa = PBXFileReference; fileEncoding = 4; lastKnownFileType = sourcecode.c.objc; path = TZVideoPlayerController.m; sourceTree = "<group>"; };
		602E1B1C2547AF3800ABC246 /* TZAssetModel.m */ = {isa = PBXFileReference; fileEncoding = 4; lastKnownFileType = sourcecode.c.objc; path = TZAssetModel.m; sourceTree = "<group>"; };
		602E1B1D2547AF3800ABC246 /* NSBundle+TZImagePicker.m */ = {isa = PBXFileReference; fileEncoding = 4; lastKnownFileType = sourcecode.c.objc; path = "NSBundle+TZImagePicker.m"; sourceTree = "<group>"; };
		602E1B1E2547AF3800ABC246 /* TZLocationManager.h */ = {isa = PBXFileReference; fileEncoding = 4; lastKnownFileType = sourcecode.c.h; path = TZLocationManager.h; sourceTree = "<group>"; };
		602E1B1F2547AF3800ABC246 /* TZImagePickerController.h */ = {isa = PBXFileReference; fileEncoding = 4; lastKnownFileType = sourcecode.c.h; path = TZImagePickerController.h; sourceTree = "<group>"; };
		602E1B202547AF3800ABC246 /* UIView+Layout.m */ = {isa = PBXFileReference; fileEncoding = 4; lastKnownFileType = sourcecode.c.objc; path = "UIView+Layout.m"; sourceTree = "<group>"; };
		602E1B212547AF3800ABC246 /* TZPhotoPreviewController.m */ = {isa = PBXFileReference; fileEncoding = 4; lastKnownFileType = sourcecode.c.objc; path = TZPhotoPreviewController.m; sourceTree = "<group>"; };
		602E1B222547AF3900ABC246 /* TZImagePickerController.bundle */ = {isa = PBXFileReference; lastKnownFileType = "wrapper.plug-in"; path = TZImagePickerController.bundle; sourceTree = "<group>"; };
		602E1B232547AF3900ABC246 /* TZProgressView.m */ = {isa = PBXFileReference; fileEncoding = 4; lastKnownFileType = sourcecode.c.objc; path = TZProgressView.m; sourceTree = "<group>"; };
		602E1B242547AF3900ABC246 /* TZGifPhotoPreviewController.h */ = {isa = PBXFileReference; fileEncoding = 4; lastKnownFileType = sourcecode.c.h; path = TZGifPhotoPreviewController.h; sourceTree = "<group>"; };
		602E1B252547AF3900ABC246 /* TZImageRequestOperation.h */ = {isa = PBXFileReference; fileEncoding = 4; lastKnownFileType = sourcecode.c.h; path = TZImageRequestOperation.h; sourceTree = "<group>"; };
		602E1B262547AF3900ABC246 /* TZAssetCell.h */ = {isa = PBXFileReference; fileEncoding = 4; lastKnownFileType = sourcecode.c.h; path = TZAssetCell.h; sourceTree = "<group>"; };
		602E1B272547AF3900ABC246 /* TZImageManager.m */ = {isa = PBXFileReference; fileEncoding = 4; lastKnownFileType = sourcecode.c.objc; path = TZImageManager.m; sourceTree = "<group>"; };
		602E1B282547AF3900ABC246 /* TZImageCropManager.h */ = {isa = PBXFileReference; fileEncoding = 4; lastKnownFileType = sourcecode.c.h; path = TZImageCropManager.h; sourceTree = "<group>"; };
		602E1B292547AF3900ABC246 /* TZPhotoPickerController.m */ = {isa = PBXFileReference; fileEncoding = 4; lastKnownFileType = sourcecode.c.objc; path = TZPhotoPickerController.m; sourceTree = "<group>"; };
		602E1B2A2547AF3900ABC246 /* TZPhotoPreviewCell.m */ = {isa = PBXFileReference; fileEncoding = 4; lastKnownFileType = sourcecode.c.objc; path = TZPhotoPreviewCell.m; sourceTree = "<group>"; };
		602E1B2B2547AF3900ABC246 /* NSBundle+TZImagePicker.h */ = {isa = PBXFileReference; fileEncoding = 4; lastKnownFileType = sourcecode.c.h; path = "NSBundle+TZImagePicker.h"; sourceTree = "<group>"; };
		602E1B2C2547AF3900ABC246 /* TZAssetModel.h */ = {isa = PBXFileReference; fileEncoding = 4; lastKnownFileType = sourcecode.c.h; path = TZAssetModel.h; sourceTree = "<group>"; };
		602E1B2D2547AF3900ABC246 /* TZVideoPlayerController.h */ = {isa = PBXFileReference; fileEncoding = 4; lastKnownFileType = sourcecode.c.h; path = TZVideoPlayerController.h; sourceTree = "<group>"; };
		602E1B2E2547AF3900ABC246 /* TZPhotoPreviewController.h */ = {isa = PBXFileReference; fileEncoding = 4; lastKnownFileType = sourcecode.c.h; path = TZPhotoPreviewController.h; sourceTree = "<group>"; };
		602E1B2F2547AF3900ABC246 /* UIView+Layout.h */ = {isa = PBXFileReference; fileEncoding = 4; lastKnownFileType = sourcecode.c.h; path = "UIView+Layout.h"; sourceTree = "<group>"; };
		602E1B302547AF3900ABC246 /* TZImagePickerController.m */ = {isa = PBXFileReference; fileEncoding = 4; lastKnownFileType = sourcecode.c.objc; path = TZImagePickerController.m; sourceTree = "<group>"; };
		602E1B312547AF3900ABC246 /* TZLocationManager.m */ = {isa = PBXFileReference; fileEncoding = 4; lastKnownFileType = sourcecode.c.objc; path = TZLocationManager.m; sourceTree = "<group>"; };
		602E1B322547AF3900ABC246 /* TZGifPhotoPreviewController.m */ = {isa = PBXFileReference; fileEncoding = 4; lastKnownFileType = sourcecode.c.objc; path = TZGifPhotoPreviewController.m; sourceTree = "<group>"; };
		602E1B332547AF3900ABC246 /* TZImageRequestOperation.m */ = {isa = PBXFileReference; fileEncoding = 4; lastKnownFileType = sourcecode.c.objc; path = TZImageRequestOperation.m; sourceTree = "<group>"; };
		602E1B342547AF3900ABC246 /* TZProgressView.h */ = {isa = PBXFileReference; fileEncoding = 4; lastKnownFileType = sourcecode.c.h; path = TZProgressView.h; sourceTree = "<group>"; };
		608FC71F2546A9F1003DB82F /* GKWXViewController.swift */ = {isa = PBXFileReference; lastKnownFileType = sourcecode.swift; path = GKWXViewController.swift; sourceTree = "<group>"; };
		608FC7212546AA20003DB82F /* GKWXHomeViewController.swift */ = {isa = PBXFileReference; lastKnownFileType = sourcecode.swift; path = GKWXHomeViewController.swift; sourceTree = "<group>"; };
		608FC7232546AA27003DB82F /* GKWXFindViewController.swift */ = {isa = PBXFileReference; lastKnownFileType = sourcecode.swift; path = GKWXFindViewController.swift; sourceTree = "<group>"; };
		608FC7252546AA2E003DB82F /* GKWXMineViewController.swift */ = {isa = PBXFileReference; lastKnownFileType = sourcecode.swift; path = GKWXMineViewController.swift; sourceTree = "<group>"; };
		608FC7272546AA39003DB82F /* GKWXDetailViewController.swift */ = {isa = PBXFileReference; lastKnownFileType = sourcecode.swift; path = GKWXDetailViewController.swift; sourceTree = "<group>"; };
		608FC72A2546AB81003DB82F /* GKFloatView.swift */ = {isa = PBXFileReference; lastKnownFileType = sourcecode.swift; path = GKFloatView.swift; sourceTree = "<group>"; };
		608FC72C2546AB99003DB82F /* GKFloatTransition.swift */ = {isa = PBXFileReference; lastKnownFileType = sourcecode.swift; path = GKFloatTransition.swift; sourceTree = "<group>"; };
		60B70DA32570D1D0008D62FC /* GKDemoTransitionViewController.swift */ = {isa = PBXFileReference; lastKnownFileType = sourcecode.swift; path = GKDemoTransitionViewController.swift; sourceTree = "<group>"; };
		796AB50C2442E7C200C724D4 /* Example.app */ = {isa = PBXFileReference; explicitFileType = wrapper.application; includeInIndex = 0; path = Example.app; sourceTree = BUILT_PRODUCTS_DIR; };
		796AB5182442E7C400C724D4 /* Assets.xcassets */ = {isa = PBXFileReference; lastKnownFileType = folder.assetcatalog; path = Assets.xcassets; sourceTree = "<group>"; };
		796AB51B2442E7C400C724D4 /* Base */ = {isa = PBXFileReference; lastKnownFileType = file.storyboard; name = Base; path = Base.lproj/LaunchScreen.storyboard; sourceTree = "<group>"; };
		796AB51D2442E7C400C724D4 /* Info.plist */ = {isa = PBXFileReference; lastKnownFileType = text.plist.xml; path = Info.plist; sourceTree = "<group>"; };
		796AB53F2442E83E00C724D4 /* AppDelegate.swift */ = {isa = PBXFileReference; fileEncoding = 4; lastKnownFileType = sourcecode.swift; path = AppDelegate.swift; sourceTree = "<group>"; };
		796AB5422442E83E00C724D4 /* GKDemoBaseViewController.swift */ = {isa = PBXFileReference; fileEncoding = 4; lastKnownFileType = sourcecode.swift; path = GKDemoBaseViewController.swift; sourceTree = "<group>"; };
		796AB5432442E83E00C724D4 /* GKTabBaseViewController.swift */ = {isa = PBXFileReference; fileEncoding = 4; lastKnownFileType = sourcecode.swift; path = GKTabBaseViewController.swift; sourceTree = "<group>"; };
		796AB5442442E83E00C724D4 /* GKBaseViewController.swift */ = {isa = PBXFileReference; fileEncoding = 4; lastKnownFileType = sourcecode.swift; path = GKBaseViewController.swift; sourceTree = "<group>"; };
		796AB5462442E83E00C724D4 /* GKToutiaoMicroViewController.swift */ = {isa = PBXFileReference; fileEncoding = 4; lastKnownFileType = sourcecode.swift; path = GKToutiaoMicroViewController.swift; sourceTree = "<group>"; };
		796AB5472442E83E00C724D4 /* GKToutiaoMineViewController.swift */ = {isa = PBXFileReference; fileEncoding = 4; lastKnownFileType = sourcecode.swift; path = GKToutiaoMineViewController.swift; sourceTree = "<group>"; };
		796AB5482442E83E00C724D4 /* GKToutiaoHomeViewController.swift */ = {isa = PBXFileReference; fileEncoding = 4; lastKnownFileType = sourcecode.swift; path = GKToutiaoHomeViewController.swift; sourceTree = "<group>"; };
		796AB5492442E83E00C724D4 /* GKToutiaoVideoViewController.swift */ = {isa = PBXFileReference; fileEncoding = 4; lastKnownFileType = sourcecode.swift; path = GKToutiaoVideoViewController.swift; sourceTree = "<group>"; };
		796AB54A2442E83E00C724D4 /* GKToutiaoDetailViewController.swift */ = {isa = PBXFileReference; fileEncoding = 4; lastKnownFileType = sourcecode.swift; path = GKToutiaoDetailViewController.swift; sourceTree = "<group>"; };
		796AB54B2442E83E00C724D4 /* GKToutiaoViewController.swift */ = {isa = PBXFileReference; fileEncoding = 4; lastKnownFileType = sourcecode.swift; path = GKToutiaoViewController.swift; sourceTree = "<group>"; };
		796AB54D2442E83E00C724D4 /* GKWYMusicDetailViewController.swift */ = {isa = PBXFileReference; fileEncoding = 4; lastKnownFileType = sourcecode.swift; path = GKWYMusicDetailViewController.swift; sourceTree = "<group>"; };
		796AB54E2442E83E00C724D4 /* GKWYMusicFriendViewController.swift */ = {isa = PBXFileReference; fileEncoding = 4; lastKnownFileType = sourcecode.swift; path = GKWYMusicFriendViewController.swift; sourceTree = "<group>"; };
		796AB54F2442E83E00C724D4 /* GKWYMusicViewController.swift */ = {isa = PBXFileReference; fileEncoding = 4; lastKnownFileType = sourcecode.swift; path = GKWYMusicViewController.swift; sourceTree = "<group>"; };
		796AB5502442E83E00C724D4 /* GKWYMusicAccountViewController.swift */ = {isa = PBXFileReference; fileEncoding = 4; lastKnownFileType = sourcecode.swift; path = GKWYMusicAccountViewController.swift; sourceTree = "<group>"; };
		796AB5512442E83E00C724D4 /* GKWYMusicFindViewController.swift */ = {isa = PBXFileReference; fileEncoding = 4; lastKnownFileType = sourcecode.swift; path = GKWYMusicFindViewController.swift; sourceTree = "<group>"; };
		796AB5522442E83E00C724D4 /* GKWYMusicMineViewController.swift */ = {isa = PBXFileReference; fileEncoding = 4; lastKnownFileType = sourcecode.swift; path = GKWYMusicMineViewController.swift; sourceTree = "<group>"; };
		796AB5542442E83E00C724D4 /* GKDouyinHomeViewController.swift */ = {isa = PBXFileReference; fileEncoding = 4; lastKnownFileType = sourcecode.swift; path = GKDouyinHomeViewController.swift; sourceTree = "<group>"; };
		796AB5552442E83E00C724D4 /* GKDouyinSearchViewController.swift */ = {isa = PBXFileReference; fileEncoding = 4; lastKnownFileType = sourcecode.swift; path = GKDouyinSearchViewController.swift; sourceTree = "<group>"; };
		796AB5562442E83E00C724D4 /* GKDouyinPersonalViewController.swift */ = {isa = PBXFileReference; fileEncoding = 4; lastKnownFileType = sourcecode.swift; path = GKDouyinPersonalViewController.swift; sourceTree = "<group>"; };
		796AB5572442E83E00C724D4 /* GKDouyinPlayerViewController.swift */ = {isa = PBXFileReference; fileEncoding = 4; lastKnownFileType = sourcecode.swift; path = GKDouyinPlayerViewController.swift; sourceTree = "<group>"; };
		796AB5582442E83E00C724D4 /* GKMainViewController.swift */ = {isa = PBXFileReference; fileEncoding = 4; lastKnownFileType = sourcecode.swift; path = GKMainViewController.swift; sourceTree = "<group>"; };
		796AB55A2442E83E00C724D4 /* GKWYNewsLiveViewController.swift */ = {isa = PBXFileReference; fileEncoding = 4; lastKnownFileType = sourcecode.swift; path = GKWYNewsLiveViewController.swift; sourceTree = "<group>"; };
		796AB55B2442E83E00C724D4 /* GKWYNewsViewController.swift */ = {isa = PBXFileReference; fileEncoding = 4; lastKnownFileType = sourcecode.swift; path = GKWYNewsViewController.swift; sourceTree = "<group>"; };
		796AB55C2442E83E00C724D4 /* GKWYNewsHomeViewController.swift */ = {isa = PBXFileReference; fileEncoding = 4; lastKnownFileType = sourcecode.swift; path = GKWYNewsHomeViewController.swift; sourceTree = "<group>"; };
		796AB55D2442E83E00C724D4 /* GKWYNewsNewViewController.swift */ = {isa = PBXFileReference; fileEncoding = 4; lastKnownFileType = sourcecode.swift; path = GKWYNewsNewViewController.swift; sourceTree = "<group>"; };
		796AB55E2442E83E00C724D4 /* GKWYNewsDetailViewController.swift */ = {isa = PBXFileReference; fileEncoding = 4; lastKnownFileType = sourcecode.swift; path = GKWYNewsDetailViewController.swift; sourceTree = "<group>"; };
		796AB55F2442E83E00C724D4 /* GKWYNewsVideoViewController.swift */ = {isa = PBXFileReference; fileEncoding = 4; lastKnownFileType = sourcecode.swift; path = GKWYNewsVideoViewController.swift; sourceTree = "<group>"; };
		796AB5602442E83E00C724D4 /* GKWYNewsProfileViewController.swift */ = {isa = PBXFileReference; fileEncoding = 4; lastKnownFileType = sourcecode.swift; path = GKWYNewsProfileViewController.swift; sourceTree = "<group>"; };
		796AB5612442E83E00C724D4 /* GKWYNewsCommentViewController.swift */ = {isa = PBXFileReference; fileEncoding = 4; lastKnownFileType = sourcecode.swift; path = GKWYNewsCommentViewController.swift; sourceTree = "<group>"; };
		796AB5632442E83E00C724D4 /* GKDemo000ViewController.xib */ = {isa = PBXFileReference; fileEncoding = 4; lastKnownFileType = file.xib; path = GKDemo000ViewController.xib; sourceTree = "<group>"; };
		796AB5642442E83E00C724D4 /* GKDemo003ViewController.swift */ = {isa = PBXFileReference; fileEncoding = 4; lastKnownFileType = sourcecode.swift; path = GKDemo003ViewController.swift; sourceTree = "<group>"; };
		796AB5652442E83E00C724D4 /* GKDemo002ViewController.swift */ = {isa = PBXFileReference; fileEncoding = 4; lastKnownFileType = sourcecode.swift; path = GKDemo002ViewController.swift; sourceTree = "<group>"; };
		796AB5662442E83E00C724D4 /* GKDemo001ViewController.swift */ = {isa = PBXFileReference; fileEncoding = 4; lastKnownFileType = sourcecode.swift; path = GKDemo001ViewController.swift; sourceTree = "<group>"; };
		796AB5672442E83E00C724D4 /* GKDemo000ViewController.swift */ = {isa = PBXFileReference; fileEncoding = 4; lastKnownFileType = sourcecode.swift; path = GKDemo000ViewController.swift; sourceTree = "<group>"; };
		796AB5682442E83E00C724D4 /* GKDemoWebViewController.swift */ = {isa = PBXFileReference; fileEncoding = 4; lastKnownFileType = sourcecode.swift; path = GKDemoWebViewController.swift; sourceTree = "<group>"; };
		796AB5692442E83E00C724D4 /* web.txt */ = {isa = PBXFileReference; fileEncoding = 4; lastKnownFileType = text; path = web.txt; sourceTree = "<group>"; };
		796AB58F2442E87B00C724D4 /* GKNavigationBarSwift.xcodeproj */ = {isa = PBXFileReference; lastKnownFileType = "wrapper.pb-project"; name = GKNavigationBarSwift.xcodeproj; path = ../GKNavigationBarSwift.xcodeproj; sourceTree = "<group>"; };
		D34ABAF9BDED111FFC6E33C2 /* Pods_Example.framework */ = {isa = PBXFileReference; explicitFileType = wrapper.framework; includeInIndex = 0; path = Pods_Example.framework; sourceTree = BUILT_PRODUCTS_DIR; };
/* End PBXFileReference section */

/* Begin PBXFrameworksBuildPhase section */
		796AB5092442E7C200C724D4 /* Frameworks */ = {
			isa = PBXFrameworksBuildPhase;
			buildActionMask = 2147483647;
			files = (
				796AB5992442E88600C724D4 /* GKNavigationBarSwift.framework in Frameworks */,
			);
			runOnlyForDeploymentPostprocessing = 0;
		};
/* End PBXFrameworksBuildPhase section */

/* Begin PBXGroup section */
		602E1ADA2547AD9C00ABC246 /* ThirdParty */ = {
			isa = PBXGroup;
			children = (
				602E1B152547AF3800ABC246 /* TZImagePickerController */,
			);
			path = ThirdParty;
			sourceTree = "<group>";
		};
		602E1B152547AF3800ABC246 /* TZImagePickerController */ = {
			isa = PBXGroup;
			children = (
				602E1B162547AF3800ABC246 /* TZPhotoPreviewCell.h */,
				602E1B172547AF3800ABC246 /* TZPhotoPickerController.h */,
				602E1B182547AF3800ABC246 /* TZImageCropManager.m */,
				602E1B192547AF3800ABC246 /* TZImageManager.h */,
				602E1B1A2547AF3800ABC246 /* TZAssetCell.m */,
				602E1B1B2547AF3800ABC246 /* TZVideoPlayerController.m */,
				602E1B1C2547AF3800ABC246 /* TZAssetModel.m */,
				602E1B1D2547AF3800ABC246 /* NSBundle+TZImagePicker.m */,
				602E1B1E2547AF3800ABC246 /* TZLocationManager.h */,
				602E1B1F2547AF3800ABC246 /* TZImagePickerController.h */,
				602E1B202547AF3800ABC246 /* UIView+Layout.m */,
				602E1B212547AF3800ABC246 /* TZPhotoPreviewController.m */,
				602E1B222547AF3900ABC246 /* TZImagePickerController.bundle */,
				602E1B232547AF3900ABC246 /* TZProgressView.m */,
				602E1B242547AF3900ABC246 /* TZGifPhotoPreviewController.h */,
				602E1B252547AF3900ABC246 /* TZImageRequestOperation.h */,
				602E1B262547AF3900ABC246 /* TZAssetCell.h */,
				602E1B272547AF3900ABC246 /* TZImageManager.m */,
				602E1B282547AF3900ABC246 /* TZImageCropManager.h */,
				602E1B292547AF3900ABC246 /* TZPhotoPickerController.m */,
				602E1B2A2547AF3900ABC246 /* TZPhotoPreviewCell.m */,
				602E1B2B2547AF3900ABC246 /* NSBundle+TZImagePicker.h */,
				602E1B2C2547AF3900ABC246 /* TZAssetModel.h */,
				602E1B2D2547AF3900ABC246 /* TZVideoPlayerController.h */,
				602E1B2E2547AF3900ABC246 /* TZPhotoPreviewController.h */,
				602E1B2F2547AF3900ABC246 /* UIView+Layout.h */,
				602E1B302547AF3900ABC246 /* TZImagePickerController.m */,
				602E1B312547AF3900ABC246 /* TZLocationManager.m */,
				602E1B322547AF3900ABC246 /* TZGifPhotoPreviewController.m */,
				602E1B332547AF3900ABC246 /* TZImageRequestOperation.m */,
				602E1B342547AF3900ABC246 /* TZProgressView.h */,
			);
			path = TZImagePickerController;
			sourceTree = "<group>";
		};
		608FC71C2546A9D1003DB82F /* WX */ = {
			isa = PBXGroup;
			children = (
				608FC71F2546A9F1003DB82F /* GKWXViewController.swift */,
				608FC7212546AA20003DB82F /* GKWXHomeViewController.swift */,
				608FC7232546AA27003DB82F /* GKWXFindViewController.swift */,
				608FC7252546AA2E003DB82F /* GKWXMineViewController.swift */,
				608FC7272546AA39003DB82F /* GKWXDetailViewController.swift */,
				608FC7292546AB5C003DB82F /* GKFloatView */,
			);
			path = WX;
			sourceTree = "<group>";
		};
		608FC7292546AB5C003DB82F /* GKFloatView */ = {
			isa = PBXGroup;
			children = (
				608FC72A2546AB81003DB82F /* GKFloatView.swift */,
				608FC72C2546AB99003DB82F /* GKFloatTransition.swift */,
			);
			path = GKFloatView;
			sourceTree = "<group>";
		};
		796AB5032442E7C200C724D4 = {
			isa = PBXGroup;
			children = (
				796AB50E2442E7C200C724D4 /* Example */,
				796AB50D2442E7C200C724D4 /* Products */,
				796AB58F2442E87B00C724D4 /* GKNavigationBarSwift.xcodeproj */,
				D0D8CD080B2F14DF98ECE25F /* Frameworks */,
			);
			sourceTree = "<group>";
		};
		796AB50D2442E7C200C724D4 /* Products */ = {
			isa = PBXGroup;
			children = (
				796AB50C2442E7C200C724D4 /* Example.app */,
			);
			name = Products;
			sourceTree = "<group>";
		};
		796AB50E2442E7C200C724D4 /* Example */ = {
			isa = PBXGroup;
			children = (
				796AB5402442E83E00C724D4 /* Demo */,
				796AB58E2442E84600C724D4 /* Supporting Files */,
			);
			path = Example;
			sourceTree = "<group>";
		};
		796AB5402442E83E00C724D4 /* Demo */ = {
			isa = PBXGroup;
			children = (
				796AB5582442E83E00C724D4 /* GKMainViewController.swift */,
				796AB5412442E83E00C724D4 /* BaseVC */,
				796AB5622442E83E00C724D4 /* DemoVC */,
				796AB5532442E83E00C724D4 /* Douyin */,
				796AB5452442E83E00C724D4 /* Toutiao */,
				796AB54C2442E83E00C724D4 /* WYMusic */,
				796AB5592442E83E00C724D4 /* WYNews */,
				608FC71C2546A9D1003DB82F /* WX */,
				602E1ADA2547AD9C00ABC246 /* ThirdParty */,
			);
			path = Demo;
			sourceTree = "<group>";
		};
		796AB5412442E83E00C724D4 /* BaseVC */ = {
			isa = PBXGroup;
			children = (
				796AB5422442E83E00C724D4 /* GKDemoBaseViewController.swift */,
				796AB5432442E83E00C724D4 /* GKTabBaseViewController.swift */,
				796AB5442442E83E00C724D4 /* GKBaseViewController.swift */,
			);
			path = BaseVC;
			sourceTree = "<group>";
		};
		796AB5452442E83E00C724D4 /* Toutiao */ = {
			isa = PBXGroup;
			children = (
				796AB5462442E83E00C724D4 /* GKToutiaoMicroViewController.swift */,
				796AB5472442E83E00C724D4 /* GKToutiaoMineViewController.swift */,
				796AB5482442E83E00C724D4 /* GKToutiaoHomeViewController.swift */,
				796AB5492442E83E00C724D4 /* GKToutiaoVideoViewController.swift */,
				796AB54A2442E83E00C724D4 /* GKToutiaoDetailViewController.swift */,
				796AB54B2442E83E00C724D4 /* GKToutiaoViewController.swift */,
			);
			path = Toutiao;
			sourceTree = "<group>";
		};
		796AB54C2442E83E00C724D4 /* WYMusic */ = {
			isa = PBXGroup;
			children = (
				796AB54F2442E83E00C724D4 /* GKWYMusicViewController.swift */,
				796AB54D2442E83E00C724D4 /* GKWYMusicDetailViewController.swift */,
				796AB54E2442E83E00C724D4 /* GKWYMusicFriendViewController.swift */,
				796AB5502442E83E00C724D4 /* GKWYMusicAccountViewController.swift */,
				796AB5512442E83E00C724D4 /* GKWYMusicFindViewController.swift */,
				796AB5522442E83E00C724D4 /* GKWYMusicMineViewController.swift */,
			);
			path = WYMusic;
			sourceTree = "<group>";
		};
		796AB5532442E83E00C724D4 /* Douyin */ = {
			isa = PBXGroup;
			children = (
				796AB5542442E83E00C724D4 /* GKDouyinHomeViewController.swift */,
				796AB5552442E83E00C724D4 /* GKDouyinSearchViewController.swift */,
				796AB5562442E83E00C724D4 /* GKDouyinPersonalViewController.swift */,
				796AB5572442E83E00C724D4 /* GKDouyinPlayerViewController.swift */,
			);
			path = Douyin;
			sourceTree = "<group>";
		};
		796AB5592442E83E00C724D4 /* WYNews */ = {
			isa = PBXGroup;
			children = (
				796AB55A2442E83E00C724D4 /* GKWYNewsLiveViewController.swift */,
				796AB55B2442E83E00C724D4 /* GKWYNewsViewController.swift */,
				796AB55C2442E83E00C724D4 /* GKWYNewsHomeViewController.swift */,
				796AB55D2442E83E00C724D4 /* GKWYNewsNewViewController.swift */,
				796AB55E2442E83E00C724D4 /* GKWYNewsDetailViewController.swift */,
				796AB55F2442E83E00C724D4 /* GKWYNewsVideoViewController.swift */,
				796AB5602442E83E00C724D4 /* GKWYNewsProfileViewController.swift */,
				796AB5612442E83E00C724D4 /* GKWYNewsCommentViewController.swift */,
			);
			path = WYNews;
			sourceTree = "<group>";
		};
		796AB5622442E83E00C724D4 /* DemoVC */ = {
			isa = PBXGroup;
			children = (
				796AB5672442E83E00C724D4 /* GKDemo000ViewController.swift */,
				796AB5632442E83E00C724D4 /* GKDemo000ViewController.xib */,
				796AB5662442E83E00C724D4 /* GKDemo001ViewController.swift */,
				796AB5652442E83E00C724D4 /* GKDemo002ViewController.swift */,
				796AB5642442E83E00C724D4 /* GKDemo003ViewController.swift */,
				60B70DA32570D1D0008D62FC /* GKDemoTransitionViewController.swift */,
				796AB5682442E83E00C724D4 /* GKDemoWebViewController.swift */,
				796AB5692442E83E00C724D4 /* web.txt */,
			);
			path = DemoVC;
			sourceTree = "<group>";
		};
		796AB58E2442E84600C724D4 /* Supporting Files */ = {
			isa = PBXGroup;
			children = (
				796AB53F2442E83E00C724D4 /* AppDelegate.swift */,
				796AB5182442E7C400C724D4 /* Assets.xcassets */,
				796AB51A2442E7C400C724D4 /* LaunchScreen.storyboard */,
				796AB51D2442E7C400C724D4 /* Info.plist */,
				602E1B142547AEFF00ABC246 /* Example-Bridging-Header.h */,
			);
			name = "Supporting Files";
			sourceTree = "<group>";
		};
		796AB5902442E87B00C724D4 /* Products */ = {
			isa = PBXGroup;
			children = (
				796AB5952442E87B00C724D4 /* GKNavigationBarSwift.framework */,
			);
			name = Products;
			sourceTree = "<group>";
		};
		D0D8CD080B2F14DF98ECE25F /* Frameworks */ = {
			isa = PBXGroup;
			children = (
				D34ABAF9BDED111FFC6E33C2 /* Pods_Example.framework */,
			);
			name = Frameworks;
			sourceTree = "<group>";
		};
/* End PBXGroup section */

/* Begin PBXNativeTarget section */
		796AB50B2442E7C200C724D4 /* Example */ = {
			isa = PBXNativeTarget;
			buildConfigurationList = 796AB5362442E7C400C724D4 /* Build configuration list for PBXNativeTarget "Example" */;
			buildPhases = (
				796AB5082442E7C200C724D4 /* Sources */,
				796AB5092442E7C200C724D4 /* Frameworks */,
				796AB50A2442E7C200C724D4 /* Resources */,
				796AB59B2442E88600C724D4 /* Embed Frameworks */,
			);
			buildRules = (
			);
			dependencies = (
			);
			name = Example;
			productName = Example;
			productReference = 796AB50C2442E7C200C724D4 /* Example.app */;
			productType = "com.apple.product-type.application";
		};
/* End PBXNativeTarget section */

/* Begin PBXProject section */
		796AB5042442E7C200C724D4 /* Project object */ = {
			isa = PBXProject;
			attributes = {
				LastSwiftUpdateCheck = 1140;
				LastUpgradeCheck = 1220;
				ORGANIZATIONNAME = QuintGao;
				TargetAttributes = {
					796AB50B2442E7C200C724D4 = {
						CreatedOnToolsVersion = 11.4;
						LastSwiftMigration = 1140;
					};
				};
			};
			buildConfigurationList = 796AB5072442E7C200C724D4 /* Build configuration list for PBXProject "Example" */;
			compatibilityVersion = "Xcode 9.3";
			developmentRegion = en;
			hasScannedForEncodings = 0;
			knownRegions = (
				en,
				Base,
			);
			mainGroup = 796AB5032442E7C200C724D4;
			productRefGroup = 796AB50D2442E7C200C724D4 /* Products */;
			projectDirPath = "";
			projectReferences = (
				{
					ProductGroup = 796AB5902442E87B00C724D4 /* Products */;
					ProjectRef = 796AB58F2442E87B00C724D4 /* GKNavigationBarSwift.xcodeproj */;
				},
			);
			projectRoot = "";
			targets = (
				796AB50B2442E7C200C724D4 /* Example */,
			);
		};
/* End PBXProject section */

/* Begin PBXReferenceProxy section */
		796AB5952442E87B00C724D4 /* GKNavigationBarSwift.framework */ = {
			isa = PBXReferenceProxy;
			fileType = wrapper.framework;
			path = GKNavigationBarSwift.framework;
			remoteRef = 796AB5942442E87B00C724D4 /* PBXContainerItemProxy */;
			sourceTree = BUILT_PRODUCTS_DIR;
		};
/* End PBXReferenceProxy section */

/* Begin PBXResourcesBuildPhase section */
		796AB50A2442E7C200C724D4 /* Resources */ = {
			isa = PBXResourcesBuildPhase;
			buildActionMask = 2147483647;
			files = (
				796AB51C2442E7C400C724D4 /* LaunchScreen.storyboard in Resources */,
				796AB5192442E7C400C724D4 /* Assets.xcassets in Resources */,
				602E1B3C2547AF3900ABC246 /* TZImagePickerController.bundle in Resources */,
				796AB5872442E83F00C724D4 /* GKDemo000ViewController.xib in Resources */,
				796AB58D2442E83F00C724D4 /* web.txt in Resources */,
			);
			runOnlyForDeploymentPostprocessing = 0;
		};
/* End PBXResourcesBuildPhase section */

/* Begin PBXSourcesBuildPhase section */
		796AB5082442E7C200C724D4 /* Sources */ = {
			isa = PBXSourcesBuildPhase;
			buildActionMask = 2147483647;
			files = (
				796AB57A2442E83F00C724D4 /* GKDouyinHomeViewController.swift in Sources */,
				796AB5772442E83F00C724D4 /* GKWYMusicAccountViewController.swift in Sources */,
				602E1B382547AF3900ABC246 /* TZAssetModel.m in Sources */,
				602E1B362547AF3900ABC246 /* TZAssetCell.m in Sources */,
				602E1B3E2547AF3900ABC246 /* TZImageManager.m in Sources */,
				796AB5732442E83F00C724D4 /* GKToutiaoViewController.swift in Sources */,
				796AB5782442E83F00C724D4 /* GKWYMusicFindViewController.swift in Sources */,
				608FC7282546AA39003DB82F /* GKWXDetailViewController.swift in Sources */,
				602E1B422547AF3900ABC246 /* TZLocationManager.m in Sources */,
				796AB5812442E83F00C724D4 /* GKWYNewsHomeViewController.swift in Sources */,
				602E1B3B2547AF3900ABC246 /* TZPhotoPreviewController.m in Sources */,
				602E1B3F2547AF3900ABC246 /* TZPhotoPickerController.m in Sources */,
				602E1B432547AF3900ABC246 /* TZGifPhotoPreviewController.m in Sources */,
				796AB5882442E83F00C724D4 /* GKDemo003ViewController.swift in Sources */,
				796AB5762442E83F00C724D4 /* GKWYMusicViewController.swift in Sources */,
				796AB5862442E83F00C724D4 /* GKWYNewsCommentViewController.swift in Sources */,
				796AB5832442E83F00C724D4 /* GKWYNewsDetailViewController.swift in Sources */,
				796AB5802442E83F00C724D4 /* GKWYNewsViewController.swift in Sources */,
				608FC72B2546AB81003DB82F /* GKFloatView.swift in Sources */,
				796AB5702442E83F00C724D4 /* GKToutiaoHomeViewController.swift in Sources */,
				608FC7202546A9F1003DB82F /* GKWXViewController.swift in Sources */,
				796AB5852442E83F00C724D4 /* GKWYNewsProfileViewController.swift in Sources */,
				796AB57F2442E83F00C724D4 /* GKWYNewsLiveViewController.swift in Sources */,
				796AB5792442E83F00C724D4 /* GKWYMusicMineViewController.swift in Sources */,
				796AB57D2442E83F00C724D4 /* GKDouyinPlayerViewController.swift in Sources */,
				796AB56B2442E83F00C724D4 /* GKDemoBaseViewController.swift in Sources */,
				796AB5722442E83F00C724D4 /* GKToutiaoDetailViewController.swift in Sources */,
				602E1B412547AF3900ABC246 /* TZImagePickerController.m in Sources */,
				796AB5752442E83F00C724D4 /* GKWYMusicFriendViewController.swift in Sources */,
				796AB58C2442E83F00C724D4 /* GKDemoWebViewController.swift in Sources */,
				796AB57B2442E83F00C724D4 /* GKDouyinSearchViewController.swift in Sources */,
				602E1B402547AF3900ABC246 /* TZPhotoPreviewCell.m in Sources */,
				796AB5712442E83F00C724D4 /* GKToutiaoVideoViewController.swift in Sources */,
				608FC7222546AA20003DB82F /* GKWXHomeViewController.swift in Sources */,
				796AB56D2442E83F00C724D4 /* GKBaseViewController.swift in Sources */,
				796AB58B2442E83F00C724D4 /* GKDemo000ViewController.swift in Sources */,
				796AB5742442E83F00C724D4 /* GKWYMusicDetailViewController.swift in Sources */,
				602E1B392547AF3900ABC246 /* NSBundle+TZImagePicker.m in Sources */,
				796AB56C2442E83F00C724D4 /* GKTabBaseViewController.swift in Sources */,
				796AB57C2442E83F00C724D4 /* GKDouyinPersonalViewController.swift in Sources */,
				796AB56A2442E83E00C724D4 /* AppDelegate.swift in Sources */,
				602E1B352547AF3900ABC246 /* TZImageCropManager.m in Sources */,
				608FC72D2546AB99003DB82F /* GKFloatTransition.swift in Sources */,
				60B70DA42570D1D0008D62FC /* GKDemoTransitionViewController.swift in Sources */,
				796AB5842442E83F00C724D4 /* GKWYNewsVideoViewController.swift in Sources */,
				796AB56E2442E83F00C724D4 /* GKToutiaoMicroViewController.swift in Sources */,
				796AB57E2442E83F00C724D4 /* GKMainViewController.swift in Sources */,
				796AB56F2442E83F00C724D4 /* GKToutiaoMineViewController.swift in Sources */,
				796AB5892442E83F00C724D4 /* GKDemo002ViewController.swift in Sources */,
				796AB5822442E83F00C724D4 /* GKWYNewsNewViewController.swift in Sources */,
				608FC7262546AA2E003DB82F /* GKWXMineViewController.swift in Sources */,
				602E1B442547AF3900ABC246 /* TZImageRequestOperation.m in Sources */,
				602E1B3A2547AF3900ABC246 /* UIView+Layout.m in Sources */,
				608FC7242546AA27003DB82F /* GKWXFindViewController.swift in Sources */,
				602E1B3D2547AF3900ABC246 /* TZProgressView.m in Sources */,
				796AB58A2442E83F00C724D4 /* GKDemo001ViewController.swift in Sources */,
				602E1B372547AF3900ABC246 /* TZVideoPlayerController.m in Sources */,
			);
			runOnlyForDeploymentPostprocessing = 0;
		};
/* End PBXSourcesBuildPhase section */

/* Begin PBXVariantGroup section */
		796AB51A2442E7C400C724D4 /* LaunchScreen.storyboard */ = {
			isa = PBXVariantGroup;
			children = (
				796AB51B2442E7C400C724D4 /* Base */,
			);
			name = LaunchScreen.storyboard;
			sourceTree = "<group>";
		};
/* End PBXVariantGroup section */

/* Begin XCBuildConfiguration section */
		796AB5342442E7C400C724D4 /* Debug */ = {
			isa = XCBuildConfiguration;
			buildSettings = {
				ALWAYS_SEARCH_USER_PATHS = NO;
				CLANG_ANALYZER_NONNULL = YES;
				CLANG_ANALYZER_NUMBER_OBJECT_CONVERSION = YES_AGGRESSIVE;
				CLANG_CXX_LANGUAGE_STANDARD = "gnu++14";
				CLANG_CXX_LIBRARY = "libc++";
				CLANG_ENABLE_MODULES = YES;
				CLANG_ENABLE_OBJC_ARC = YES;
				CLANG_ENABLE_OBJC_WEAK = YES;
				CLANG_WARN_BLOCK_CAPTURE_AUTORELEASING = YES;
				CLANG_WARN_BOOL_CONVERSION = YES;
				CLANG_WARN_COMMA = YES;
				CLANG_WARN_CONSTANT_CONVERSION = YES;
				CLANG_WARN_DEPRECATED_OBJC_IMPLEMENTATIONS = YES;
				CLANG_WARN_DIRECT_OBJC_ISA_USAGE = YES_ERROR;
				CLANG_WARN_DOCUMENTATION_COMMENTS = YES;
				CLANG_WARN_EMPTY_BODY = YES;
				CLANG_WARN_ENUM_CONVERSION = YES;
				CLANG_WARN_INFINITE_RECURSION = YES;
				CLANG_WARN_INT_CONVERSION = YES;
				CLANG_WARN_NON_LITERAL_NULL_CONVERSION = YES;
				CLANG_WARN_OBJC_IMPLICIT_RETAIN_SELF = YES;
				CLANG_WARN_OBJC_LITERAL_CONVERSION = YES;
				CLANG_WARN_OBJC_ROOT_CLASS = YES_ERROR;
				CLANG_WARN_QUOTED_INCLUDE_IN_FRAMEWORK_HEADER = YES;
				CLANG_WARN_RANGE_LOOP_ANALYSIS = YES;
				CLANG_WARN_STRICT_PROTOTYPES = YES;
				CLANG_WARN_SUSPICIOUS_MOVE = YES;
				CLANG_WARN_UNGUARDED_AVAILABILITY = YES_AGGRESSIVE;
				CLANG_WARN_UNREACHABLE_CODE = YES;
				CLANG_WARN__DUPLICATE_METHOD_MATCH = YES;
				COPY_PHASE_STRIP = NO;
				DEBUG_INFORMATION_FORMAT = dwarf;
				ENABLE_STRICT_OBJC_MSGSEND = YES;
				ENABLE_TESTABILITY = YES;
				GCC_C_LANGUAGE_STANDARD = gnu11;
				GCC_DYNAMIC_NO_PIC = NO;
				GCC_NO_COMMON_BLOCKS = YES;
				GCC_OPTIMIZATION_LEVEL = 0;
				GCC_PREPROCESSOR_DEFINITIONS = (
					"DEBUG=1",
					"$(inherited)",
				);
				GCC_WARN_64_TO_32_BIT_CONVERSION = YES;
				GCC_WARN_ABOUT_RETURN_TYPE = YES_ERROR;
				GCC_WARN_UNDECLARED_SELECTOR = YES;
				GCC_WARN_UNINITIALIZED_AUTOS = YES_AGGRESSIVE;
				GCC_WARN_UNUSED_FUNCTION = YES;
				GCC_WARN_UNUSED_VARIABLE = YES;
				IPHONEOS_DEPLOYMENT_TARGET = 13.4;
				MTL_ENABLE_DEBUG_INFO = INCLUDE_SOURCE;
				MTL_FAST_MATH = YES;
				ONLY_ACTIVE_ARCH = YES;
				SDKROOT = iphoneos;
				SWIFT_ACTIVE_COMPILATION_CONDITIONS = DEBUG;
				SWIFT_OPTIMIZATION_LEVEL = "-Onone";
			};
			name = Debug;
		};
		796AB5352442E7C400C724D4 /* Release */ = {
			isa = XCBuildConfiguration;
			buildSettings = {
				ALWAYS_SEARCH_USER_PATHS = NO;
				CLANG_ANALYZER_NONNULL = YES;
				CLANG_ANALYZER_NUMBER_OBJECT_CONVERSION = YES_AGGRESSIVE;
				CLANG_CXX_LANGUAGE_STANDARD = "gnu++14";
				CLANG_CXX_LIBRARY = "libc++";
				CLANG_ENABLE_MODULES = YES;
				CLANG_ENABLE_OBJC_ARC = YES;
				CLANG_ENABLE_OBJC_WEAK = YES;
				CLANG_WARN_BLOCK_CAPTURE_AUTORELEASING = YES;
				CLANG_WARN_BOOL_CONVERSION = YES;
				CLANG_WARN_COMMA = YES;
				CLANG_WARN_CONSTANT_CONVERSION = YES;
				CLANG_WARN_DEPRECATED_OBJC_IMPLEMENTATIONS = YES;
				CLANG_WARN_DIRECT_OBJC_ISA_USAGE = YES_ERROR;
				CLANG_WARN_DOCUMENTATION_COMMENTS = YES;
				CLANG_WARN_EMPTY_BODY = YES;
				CLANG_WARN_ENUM_CONVERSION = YES;
				CLANG_WARN_INFINITE_RECURSION = YES;
				CLANG_WARN_INT_CONVERSION = YES;
				CLANG_WARN_NON_LITERAL_NULL_CONVERSION = YES;
				CLANG_WARN_OBJC_IMPLICIT_RETAIN_SELF = YES;
				CLANG_WARN_OBJC_LITERAL_CONVERSION = YES;
				CLANG_WARN_OBJC_ROOT_CLASS = YES_ERROR;
				CLANG_WARN_QUOTED_INCLUDE_IN_FRAMEWORK_HEADER = YES;
				CLANG_WARN_RANGE_LOOP_ANALYSIS = YES;
				CLANG_WARN_STRICT_PROTOTYPES = YES;
				CLANG_WARN_SUSPICIOUS_MOVE = YES;
				CLANG_WARN_UNGUARDED_AVAILABILITY = YES_AGGRESSIVE;
				CLANG_WARN_UNREACHABLE_CODE = YES;
				CLANG_WARN__DUPLICATE_METHOD_MATCH = YES;
				COPY_PHASE_STRIP = NO;
				DEBUG_INFORMATION_FORMAT = "dwarf-with-dsym";
				ENABLE_NS_ASSERTIONS = NO;
				ENABLE_STRICT_OBJC_MSGSEND = YES;
				GCC_C_LANGUAGE_STANDARD = gnu11;
				GCC_NO_COMMON_BLOCKS = YES;
				GCC_WARN_64_TO_32_BIT_CONVERSION = YES;
				GCC_WARN_ABOUT_RETURN_TYPE = YES_ERROR;
				GCC_WARN_UNDECLARED_SELECTOR = YES;
				GCC_WARN_UNINITIALIZED_AUTOS = YES_AGGRESSIVE;
				GCC_WARN_UNUSED_FUNCTION = YES;
				GCC_WARN_UNUSED_VARIABLE = YES;
				IPHONEOS_DEPLOYMENT_TARGET = 13.4;
				MTL_ENABLE_DEBUG_INFO = NO;
				MTL_FAST_MATH = YES;
				SDKROOT = iphoneos;
				SWIFT_COMPILATION_MODE = wholemodule;
				SWIFT_OPTIMIZATION_LEVEL = "-O";
				VALIDATE_PRODUCT = YES;
			};
			name = Release;
		};
		796AB5372442E7C400C724D4 /* Debug */ = {
			isa = XCBuildConfiguration;
			buildSettings = {
				ASSETCATALOG_COMPILER_APPICON_NAME = AppIcon;
				CLANG_ENABLE_MODULES = YES;
				CODE_SIGN_IDENTITY = "iPhone Developer";
				CODE_SIGN_STYLE = Manual;
				DEVELOPMENT_TEAM = X52753HQNM;
				INFOPLIST_FILE = Example/Info.plist;
				IPHONEOS_DEPLOYMENT_TARGET = 9.0;
				LD_RUNPATH_SEARCH_PATHS = (
					"$(inherited)",
					"@executable_path/Frameworks",
				);
				PRODUCT_BUNDLE_IDENTIFIER = com.test.gknavigationbarswift;
				PRODUCT_NAME = "$(TARGET_NAME)";
				PROVISIONING_PROFILE_SPECIFIER = aystfm_dev_test;
				SWIFT_OBJC_BRIDGING_HEADER = "/Users/gaokun/mine/GKNavigationBarSwift/Example/Example/Example-Bridging-Header.h";
				SWIFT_OPTIMIZATION_LEVEL = "-Onone";
				SWIFT_VERSION = 5.0;
				TARGETED_DEVICE_FAMILY = "1,2";
			};
			name = Debug;
		};
		796AB5382442E7C400C724D4 /* Release */ = {
			isa = XCBuildConfiguration;
			buildSettings = {
				ASSETCATALOG_COMPILER_APPICON_NAME = AppIcon;
				CLANG_ENABLE_MODULES = YES;
				CODE_SIGN_IDENTITY = "iPhone Developer";
				CODE_SIGN_STYLE = Manual;
				DEVELOPMENT_TEAM = X52753HQNM;
				INFOPLIST_FILE = Example/Info.plist;
				IPHONEOS_DEPLOYMENT_TARGET = 9.0;
				LD_RUNPATH_SEARCH_PATHS = (
					"$(inherited)",
					"@executable_path/Frameworks",
				);
				PRODUCT_BUNDLE_IDENTIFIER = com.test.gknavigationbarswift;
				PRODUCT_NAME = "$(TARGET_NAME)";
				PROVISIONING_PROFILE_SPECIFIER = aystfm_dev_test;
				SWIFT_OBJC_BRIDGING_HEADER = "/Users/gaokun/mine/GKNavigationBarSwift/Example/Example/Example-Bridging-Header.h";
				SWIFT_VERSION = 5.0;
				TARGETED_DEVICE_FAMILY = "1,2";
			};
			name = Release;
		};
/* End XCBuildConfiguration section */

/* Begin XCConfigurationList section */
		796AB5072442E7C200C724D4 /* Build configuration list for PBXProject "Example" */ = {
			isa = XCConfigurationList;
			buildConfigurations = (
				796AB5342442E7C400C724D4 /* Debug */,
				796AB5352442E7C400C724D4 /* Release */,
			);
			defaultConfigurationIsVisible = 0;
			defaultConfigurationName = Release;
		};
		796AB5362442E7C400C724D4 /* Build configuration list for PBXNativeTarget "Example" */ = {
			isa = XCConfigurationList;
			buildConfigurations = (
				796AB5372442E7C400C724D4 /* Debug */,
				796AB5382442E7C400C724D4 /* Release */,
			);
			defaultConfigurationIsVisible = 0;
			defaultConfigurationName = Release;
		};
/* End XCConfigurationList section */
	};
	rootObject = 796AB5042442E7C200C724D4 /* Project object */;
}
